{
  "nodes": {
    "flake-compat": {
      "flake": false,
      "locked": {
        "lastModified": 1673956053,
        "narHash": "sha256-4gtG9iQuiKITOjNQQeQIpoIB6b16fm+504Ch3sNKLd8=",
        "owner": "edolstra",
        "repo": "flake-compat",
        "rev": "35bb57c0c8d8b62bbfd284272c928ceb64ddbde9",
        "type": "github"
      },
      "original": {
        "owner": "edolstra",
        "repo": "flake-compat",
        "type": "github"
      }
    },
    "flake-utils": {
      "locked": {
        "lastModified": 1676283394,
        "narHash": "sha256-XX2f9c3iySLCw54rJ/CZs+ZK6IQy7GXNY4nSOyu2QG4=",
        "owner": "numtide",
        "repo": "flake-utils",
        "rev": "3db36a8b464d0c4532ba1c7dda728f4576d6d073",
        "type": "github"
      },
      "original": {
        "owner": "numtide",
        "repo": "flake-utils",
        "type": "github"
      }
    },
    "mvn2nix": {
      "inputs": {
        "nixpkgs": [
          "nixpkgs"
        ],
        "utils": [
          "flake-utils"
        ]
      },
      "locked": {
        "lastModified": 1733432698,
        "narHash": "sha256-XuDOJGLQgMlq1TrB8r3rLNubW4xS3GPfkrBBi61qb5k=",
        "owner": "vasara-bpm",
        "repo": "mvn2nix",
        "rev": "19b9ed3b403b1da02650587f6b1fc74381446b1e",
        "type": "gitlab"
      },
      "original": {
        "owner": "vasara-bpm",
        "repo": "mvn2nix",
        "type": "gitlab"
      }
    },
    "nixpkgs": {
      "locked": {
        "lastModified": 1784696364,
        "narHash": "sha256-EmrW2eIR2ZAPOjx+o6bKHDkbgk1YvR7EIl5LJud2ets=",
        "owner": "NixOS",
        "repo": "nixpkgs",
        "rev": "82dd05d9aaefddea7d76ca9477472742f4a6238b",
        "type": "github"
      },
      "original": {
        "owner": "NixOS",
        "ref": "release-26.05",
        "repo": "nixpkgs",
        "type": "github"
      }
    },
    "nixpkgs-unstable": {
      "locked": {
        "lastModified": 1676641620,
        "narHash": "sha256-k4ZhlArU2e+CVEkIxDkbcFRatrtM7FNGbhNN/izeIHQ=",
        "owner": "NixOS",
        "repo": "nixpkgs",
        "rev": "74c3268a1cefeb89796d93272ea90d6f112a6390",
        "type": "github"
      },
      "original": {
        "owner": "NixOS",
        "ref": "master",
        "repo": "nixpkgs",
        "type": "github"
      }
    },
    "root": {
      "inputs": {
        "flake-compat": "flake-compat",
        "flake-utils": "flake-utils",
        "mvn2nix": "mvn2nix",
        "nixpkgs": "nixpkgs",
        "nixpkgs-unstable": "nixpkgs-unstable"
      }
    }
  },
  "root": "root",
  "version": 7
}
